
Microsoft Visual Studio Solution File, Format Version 12.00
# Visual Studio Version 17
VisualStudioVersion = 17.5.002.0
MinimumVisualStudioVersion = 10.0.40219.1
Project("{9A19103F-16F7-4668-BE54-9A1E7A4F7556}") = "DesafioProjetoHospedagem", "DesafioProjetoHospedagem.csproj", "{4761F29F-B3C7-4713-8341-8DEB8354E91F}"
EndProject
Global
	GlobalSection(SolutionConfigurationPlatforms) = preSolution
		Debug|Any CPU = Debug|Any CPU
		Release|Any CPU = Release|Any CPU
	EndGlobalSection
	GlobalSection(ProjectConfigurationPlatforms) = postSolution
		{4761F29F-B3C7-4713-8341-8DEB8354E91F}.Debug|Any CPU.ActiveCfg = Debug|Any CPU
		{4761F29F-B3C7-4713-8341-8DEB8354E91F}.Debug|Any CPU.Build.0 = Debug|Any CPU
		{4761F29F-B3C7-4713-8341-8DEB8354E91F}.Release|Any CPU.ActiveCfg = Release|Any CPU
		{4761F29F-B3C7-4713-8341-8DEB8354E91F}.Release|Any CPU.Build.0 = Release|Any CPU
	EndGlobalSection
	GlobalSection(SolutionProperties) = preSolution
		HideSolutionNode = FALSE
	EndGlobalSection
	GlobalSection(ExtensibilityGlobals) = postSolution
		SolutionGuid = {C0D799BD-EA7F-4B21-BC2B-08B8E4E06FA5}
	EndGlobalSection
EndGlobal
